// !$*UTF8*$!
{
	archiveVersion = 1;
	classes = {
	};
	objectVersion = 77;
	objects = {

/* Begin PBXBuildFile section */
		0C0E58692F02C01B00DD26F4 /* FirebaseAnalytics in Frameworks */ = {isa = PBXBuildFile; productRef = 0C0E58682F02C01B00DD26F4 /* FirebaseAnalytics */; };
		0C0E586B2F02C02100DD26F4 /* FirebaseCore in Frameworks */ = {isa = PBXBuildFile; productRef = 0C0E586A2F02C02100DD26F4 /* FirebaseCore */; };
		0C0E586D2F02C02700DD26F4 /* FirebaseCrashlytics in Frameworks */ = {isa = PBXBuildFile; productRef = 0C0E586C2F02C02700DD26F4 /* FirebaseCrashlytics */; };
		0C0E586F2F02C03000DD26F4 /* FirebaseMessaging in Frameworks */ = {isa = PBXBuildFile; productRef = 0C0E586E2F02C03000DD26F4 /* FirebaseMessaging */; };
		0C0E58712F02C03700DD26F4 /* FirebaseAuthCombine-Community in Frameworks */ = {isa = PBXBuildFile; productRef = 0C0E58702F02C03700DD26F4 /* FirebaseAuthCombine-Community */; };
		0C0E58742F02C07C00DD26F4 /* Cloudinary in Frameworks */ = {isa = PBXBuildFile; productRef = 0C0E58732F02C07C00DD26F4 /* Cloudinary */; };
		D23145CA2F03391800080A6F /* Localizable.strings in Resources */ = {isa = PBXBuildFile; fileRef = D23145C82F03391800080A6F /* Localizable.strings */; };
		D3A73EA72EF06C9200DF628A /* FirebaseAuth in Frameworks */ = {isa = PBXBuildFile; productRef = D3A73EA62EF06C9200DF628A /* FirebaseAuth */; };
		D3A73EA92EF06C9200DF628A /* FirebaseFirestore in Frameworks */ = {isa = PBXBuildFile; productRef = D3A73EA82EF06C9200DF628A /* FirebaseFirestore */; };
		DE69E8CF2EFD461100F1AF96 /* FirebaseDatabase in Frameworks */ = {isa = PBXBuildFile; productRef = DE69E8CE2EFD461100F1AF96 /* FirebaseDatabase */; };
		DECA62B02EFAAFB40079FDE5 /* FirebaseStorage in Frameworks */ = {isa = PBXBuildFile; productRef = DECA62AF2EFAAFB40079FDE5 /* FirebaseStorage */; };
/* End PBXBuildFile section */

/* Begin PBXFileReference section */
		507E416D2EE15769002B7336 /* Masar.app */ = {isa = PBXFileReference; explicitFileType = wrapper.application; includeInIndex = 0; path = Masar.app; sourceTree = BUILT_PRODUCTS_DIR; };
		D23145C92F03391800080A6F /* en */ = {isa = PBXFileReference; lastKnownFileType = text.plist.strings; name = en; path = en.lproj/Localizable.strings; sourceTree = "<group>"; };
		D23145CB2F03393100080A6F /* ar */ = {isa = PBXFileReference; lastKnownFileType = text.plist.strings; name = ar; path = ar.lproj/Localizable.strings; sourceTree = "<group>"; };
/* End PBXFileReference section */

/* Begin PBXFileSystemSynchronizedBuildFileExceptionSet section */
		507E417F2EE1576A002B7336 /* Exceptions for "Masar" folder in "Masar" target */ = {
			isa = PBXFileSystemSynchronizedBuildFileExceptionSet;
			membershipExceptions = (
				Info.plist,
			);
			target = 507E416C2EE15769002B7336 /* Masar */;
		};
/* End PBXFileSystemSynchronizedBuildFileExceptionSet section */

/* Begin PBXFileSystemSynchronizedRootGroup section */
		507E416F2EE15769002B7336 /* Masar */ = {
			isa = PBXFileSystemSynchronizedRootGroup;
			exceptions = (
				507E417F2EE1576A002B7336 /* Exceptions for "Masar" folder in "Masar" target */,
			);
			path = Masar;
			sourceTree = "<group>";
		};
/* End PBXFileSystemSynchronizedRootGroup section */

/* Begin PBXFrameworksBuildPhase section */
		507E416A2EE15769002B7336 /* Frameworks */ = {
			isa = PBXFrameworksBuildPhase;
			buildActionMask = 2147483647;
			files = (
				0C0E586F2F02C03000DD26F4 /* FirebaseMessaging in Frameworks */,
				0C0E58712F02C03700DD26F4 /* FirebaseAuthCombine-Community in Frameworks */,
				0C0E58742F02C07C00DD26F4 /* Cloudinary in Frameworks */,
				D3A73EA72EF06C9200DF628A /* FirebaseAuth in Frameworks */,
				D3A73EA92EF06C9200DF628A /* FirebaseFirestore in Frameworks */,
				DE69E8CF2EFD461100F1AF96 /* FirebaseDatabase in Frameworks */,
				0C0E586D2F02C02700DD26F4 /* FirebaseCrashlytics in Frameworks */,
				0C0E58692F02C01B00DD26F4 /* FirebaseAnalytics in Frameworks */,
				0C0E586B2F02C02100DD26F4 /* FirebaseCore in Frameworks */,
				DECA62B02EFAAFB40079FDE5 /* FirebaseStorage in Frameworks */,
			);
			runOnlyForDeploymentPostprocessing = 0;
		};
/* End PBXFrameworksBuildPhase section */

/* Begin PBXGroup section */
		0C0E58672F02C01B00DD26F4 /* Frameworks */ = {
			isa = PBXGroup;
			children = (
			);
			name = Frameworks;
			sourceTree = "<group>";
		};
		507E41642EE15769002B7336 = {
			isa = PBXGroup;
			children = (
				D23145C82F03391800080A6F /* Localizable.strings */,
				507E416F2EE15769002B7336 /* Masar */,
				0C0E58672F02C01B00DD26F4 /* Frameworks */,
				507E416E2EE15769002B7336 /* Products */,
			);
			sourceTree = "<group>";
		};
		507E416E2EE15769002B7336 /* Products */ = {
			isa = PBXGroup;
			children = (
				507E416D2EE15769002B7336 /* Masar.app */,
			);
			name = Products;
			sourceTree = "<group>";
		};
/* End PBXGroup section */

/* Begin PBXNativeTarget section */
		507E416C2EE15769002B7336 /* Masar */ = {
			isa = PBXNativeTarget;
			buildConfigurationList = 507E41802EE1576A002B7336 /* Build configuration list for PBXNativeTarget "Masar" */;
			buildPhases = (
				507E41692EE15769002B7336 /* Sources */,
				507E416A2EE15769002B7336 /* Frameworks */,
				507E416B2EE15769002B7336 /* Resources */,
			);
			buildRules = (
			);
			dependencies = (
			);
			fileSystemSynchronizedGroups = (
				507E416F2EE15769002B7336 /* Masar */,
			);
			name = Masar;
			packageProductDependencies = (
				D3A73EA62EF06C9200DF628A /* FirebaseAuth */,
				D3A73EA82EF06C9200DF628A /* FirebaseFirestore */,
				DE69E8CE2EFD461100F1AF96 /* FirebaseDatabase */,
				DECA62AF2EFAAFB40079FDE5 /* FirebaseStorage */,
				0C0E58682F02C01B00DD26F4 /* FirebaseAnalytics */,
				0C0E586A2F02C02100DD26F4 /* FirebaseCore */,
				0C0E586C2F02C02700DD26F4 /* FirebaseCrashlytics */,
				0C0E586E2F02C03000DD26F4 /* FirebaseMessaging */,
				0C0E58702F02C03700DD26F4 /* FirebaseAuthCombine-Community */,
				0C0E58732F02C07C00DD26F4 /* Cloudinary */,
			);
			productName = Masar;
			productReference = 507E416D2EE15769002B7336 /* Masar.app */;
			productType = "com.apple.product-type.application";
		};
/* End PBXNativeTarget section */

/* Begin PBXProject section */
		507E41652EE15769002B7336 /* Project object */ = {
			isa = PBXProject;
			attributes = {
				BuildIndependentTargetsInParallel = 1;
				LastSwiftUpdateCheck = 1640;
				LastUpgradeCheck = 1640;
				TargetAttributes = {
					507E416C2EE15769002B7336 = {
						CreatedOnToolsVersion = 16.4;
					};
				};
			};
			buildConfigurationList = 507E41682EE15769002B7336 /* Build configuration list for PBXProject "Masar" */;
			developmentRegion = en;
			hasScannedForEncodings = 0;
			knownRegions = (
				en,
				Base,
				ar,
			);
			mainGroup = 507E41642EE15769002B7336;
			minimizedProjectReferenceProxies = 1;
			packageReferences = (
				D3A73EA52EF06C9200DF628A /* XCRemoteSwiftPackageReference "firebase-ios-sdk" */,
				0C0E58722F02C07C00DD26F4 /* XCRemoteSwiftPackageReference "cloudinary_ios" */,
			);
			preferredProjectObjectVersion = 77;
			productRefGroup = 507E416E2EE15769002B7336 /* Products */;
			projectDirPath = "";
			projectRoot = "";
			targets = (
				507E416C2EE15769002B7336 /* Masar */,
			);
		};
/* End PBXProject section */

/* Begin PBXResourcesBuildPhase section */
		507E416B2EE15769002B7336 /* Resources */ = {
			isa = PBXResourcesBuildPhase;
			buildActionMask = 2147483647;
			files = (
				D23145CA2F03391800080A6F /* Localizable.strings in Resources */,
			);
			runOnlyForDeploymentPostprocessing = 0;
		};
/* End PBXResourcesBuildPhase section */

/* Begin PBXSourcesBuildPhase section */
		507E41692EE15769002B7336 /* Sources */ = {
			isa = PBXSourcesBuildPhase;
			buildActionMask = 2147483647;
			files = (
			);
			runOnlyForDeploymentPostprocessing = 0;
		};
/* End PBXSourcesBuildPhase section */

/* Begin PBXVariantGroup section */
		D23145C82F03391800080A6F /* Localizable.strings */ = {
			isa = PBXVariantGroup;
			children = (
				D23145C92F03391800080A6F /* en */,
				D23145CB2F03393100080A6F /* ar */,
			);
			name = Localizable.strings;
			sourceTree = "<group>";
		};
/* End PBXVariantGroup section */

/* Begin XCBuildConfiguration section */
		507E41812EE1576A002B7336 /* Debug */ = {
			isa = XCBuildConfiguration;
			buildSettings = {
				ASSETCATALOG_COMPILER_APPICON_NAME = AppIcon;
				ASSETCATALOG_COMPILER_GLOBAL_ACCENT_COLOR_NAME = AccentColor;
				CODE_SIGN_STYLE = Automatic;
				CURRENT_PROJECT_VERSION = 1;
				GENERATE_INFOPLIST_FILE = YES;
				INFOPLIST_FILE = Masar/Info.plist;
				INFOPLIST_KEY_UIApplicationSupportsIndirectInputEvents = YES;
				INFOPLIST_KEY_UILaunchStoryboardName = LaunchScreen;
				INFOPLIST_KEY_UIMainStoryboardFile = "";
				INFOPLIST_KEY_UIStatusBarStyle = "";
				INFOPLIST_KEY_UISupportedInterfaceOrientations_iPad = "UIInterfaceOrientationPortrait UIInterfaceOrientationPortraitUpsideDown UIInterfaceOrientationLandscapeLeft UIInterfaceOrientationLandscapeRight";
				INFOPLIST_KEY_UISupportedInterfaceOrientations_iPhone = "UIInterfaceOrientationPortrait UIInterfaceOrientationLandscapeLeft UIInterfaceOrientationLandscapeRight";
				LD_RUNPATH_SEARCH_PATHS = (
					"$(inherited)",
					"@executable_path/Frameworks",
				);
				MARKETING_VERSION = 1.0;
				PRODUCT_BUNDLE_IDENTIFIER = com.poly.Masar;
				PRODUCT_NAME = "$(TARGET_NAME)";
				SWIFT_EMIT_LOC_STRINGS = YES;
				SWIFT_VERSION = 5.0;
				TARGETED_DEVICE_FAMILY = "1,2";
			};
			name = Debug;
		};
		507E41822EE1576A002B7336 /* Release */ = {
			isa = XCBuildConfiguration;
			buildSettings = {
				ASSETCATALOG_COMPILER_APPICON_NAME = AppIcon;
				ASSETCATALOG_COMPILER_GLOBAL_ACCENT_COLOR_NAME = AccentColor;
				CODE_SIGN_STYLE = Automatic;
				CURRENT_PROJECT_VERSION = 1;
				GENERATE_INFOPLIST_FILE = YES;
				INFOPLIST_FILE = Masar/Info.plist;
				INFOPLIST_KEY_UIApplicationSupportsIndirectInputEvents = YES;
				INFOPLIST_KEY_UILaunchStoryboardName = LaunchScreen;
				INFOPLIST_KEY_UIMainStoryboardFile = "";
				INFOPLIST_KEY_UIStatusBarStyle = "";
				INFOPLIST_KEY_UISupportedInterfaceOrientations_iPad = "UIInterfaceOrientationPortrait UIInterfaceOrientationPortraitUpsideDown UIInterfaceOrientationLandscapeLeft UIInterfaceOrientationLandscapeRight";
				INFOPLIST_KEY_UISupportedInterfaceOrientations_iPhone = "UIInterfaceOrientationPortrait UIInterfaceOrientationLandscapeLeft UIInterfaceOrientationLandscapeRight";
				LD_RUNPATH_SEARCH_PATHS = (
					"$(inherited)",
					"@executable_path/Frameworks",
				);
				MARKETING_VERSION = 1.0;
				PRODUCT_BUNDLE_IDENTIFIER = com.poly.Masar;
				PRODUCT_NAME = "$(TARGET_NAME)";
				SWIFT_EMIT_LOC_STRINGS = YES;
				SWIFT_VERSION = 5.0;
				TARGETED_DEVICE_FAMILY = "1,2";
			};
			name = Release;
		};
		507E41832EE1576A002B7336 /* Debug */ = {
			isa = XCBuildConfiguration;
			buildSettings = {
				ALWAYS_SEARCH_USER_PATHS = NO;
				ASSETCATALOG_COMPILER_GENERATE_SWIFT_ASSET_SYMBOL_EXTENSIONS = YES;
				CLANG_ANALYZER_LOCALIZABILITY_NONLOCALIZED = YES;
				CLANG_ANALYZER_NONNULL = YES;
				CLANG_ANALYZER_NUMBER_OBJECT_CONVERSION = YES_AGGRESSIVE;
				CLANG_CXX_LANGUAGE_STANDARD = "gnu++20";
				CLANG_ENABLE_MODULES = YES;
				CLANG_ENABLE_OBJC_ARC = YES;
				CLANG_ENABLE_OBJC_WEAK = YES;
				CLANG_WARN_BLOCK_CAPTURE_AUTORELEASING = YES;
				CLANG_WARN_BOOL_CONVERSION = YES;
				CLANG_WARN_COMMA = YES;
				CLANG_WARN_CONSTANT_CONVERSION = YES;
				CLANG_WARN_DEPRECATED_OBJC_IMPLEMENTATIONS = YES;
				CLANG_WARN_DIRECT_OBJC_ISA_USAGE = YES_ERROR;
				CLANG_WARN_DOCUMENTATION_COMMENTS = YES;
				CLANG_WARN_EMPTY_BODY = YES;
				CLANG_WARN_ENUM_CONVERSION = YES;
				CLANG_WARN_INFINITE_RECURSION = YES;
				CLANG_WARN_INT_CONVERSION = YES;
				CLANG_WARN_NON_LITERAL_NULL_CONVERSION = YES;
				CLANG_WARN_OBJC_IMPLICIT_RETAIN_SELF = YES;
				CLANG_WARN_OBJC_LITERAL_CONVERSION = YES;
				CLANG_WARN_OBJC_ROOT_CLASS = YES_ERROR;
				CLANG_WARN_QUOTED_INCLUDE_IN_FRAMEWORK_HEADER = YES;
				CLANG_WARN_RANGE_LOOP_ANALYSIS = YES;
				CLANG_WARN_STRICT_PROTOTYPES = YES;
				CLANG_WARN_SUSPICIOUS_MOVE = YES;
				CLANG_WARN_UNGUARDED_AVAILABILITY = YES_AGGRESSIVE;
				CLANG_WARN_UNREACHABLE_CODE = YES;
				CLANG_WARN__DUPLICATE_METHOD_MATCH = YES;
				COPY_PHASE_STRIP = NO;
				DEBUG_INFORMATION_FORMAT = dwarf;
				ENABLE_STRICT_OBJC_MSGSEND = YES;
				ENABLE_TESTABILITY = YES;
				ENABLE_USER_SCRIPT_SANDBOXING = YES;
				GCC_C_LANGUAGE_STANDARD = gnu17;
				GCC_DYNAMIC_NO_PIC = NO;
				GCC_NO_COMMON_BLOCKS = YES;
				GCC_OPTIMIZATION_LEVEL = 0;
				GCC_PREPROCESSOR_DEFINITIONS = (
					"DEBUG=1",
					"$(inherited)",
				);
				GCC_WARN_64_TO_32_BIT_CONVERSION = YES;
				GCC_WARN_ABOUT_RETURN_TYPE = YES_ERROR;
				GCC_WARN_UNDECLARED_SELECTOR = YES;
				GCC_WARN_UNINITIALIZED_AUTOS = YES_AGGRESSIVE;
				GCC_WARN_UNUSED_FUNCTION = YES;
				GCC_WARN_UNUSED_VARIABLE = YES;
				IPHONEOS_DEPLOYMENT_TARGET = 18.5;
				LOCALIZATION_PREFERS_STRING_CATALOGS = YES;
				MTL_ENABLE_DEBUG_INFO = INCLUDE_SOURCE;
				MTL_FAST_MATH = YES;
				ONLY_ACTIVE_ARCH = YES;
				SDKROOT = iphoneos;
				SWIFT_ACTIVE_COMPILATION_CONDITIONS = "DEBUG $(inherited)";
				SWIFT_OPTIMIZATION_LEVEL = "-Onone";
			};
			name = Debug;
		};
		507E41842EE1576A002B7336 /* Release */ = {
			isa = XCBuildConfiguration;
			buildSettings = {
				ALWAYS_SEARCH_USER_PATHS = NO;
				ASSETCATALOG_COMPILER_GENERATE_SWIFT_ASSET_SYMBOL_EXTENSIONS = YES;
				CLANG_ANALYZER_LOCALIZABILITY_NONLOCALIZED = YES;
				CLANG_ANALYZER_NONNULL = YES;
				CLANG_ANALYZER_NUMBER_OBJECT_CONVERSION = YES_AGGRESSIVE;
				CLANG_CXX_LANGUAGE_STANDARD = "gnu++20";
				CLANG_ENABLE_MODULES = YES;
				CLANG_ENABLE_OBJC_ARC = YES;
				CLANG_ENABLE_OBJC_WEAK = YES;
				CLANG_WARN_BLOCK_CAPTURE_AUTORELEASING = YES;
				CLANG_WARN_BOOL_CONVERSION = YES;
				CLANG_WARN_COMMA = YES;
				CLANG_WARN_CONSTANT_CONVERSION = YES;
				CLANG_WARN_DEPRECATED_OBJC_IMPLEMENTATIONS = YES;
				CLANG_WARN_DIRECT_OBJC_ISA_USAGE = YES_ERROR;
				CLANG_WARN_DOCUMENTATION_COMMENTS = YES;
				CLANG_WARN_EMPTY_BODY = YES;
				CLANG_WARN_ENUM_CONVERSION = YES;
				CLANG_WARN_INFINITE_RECURSION = YES;
				CLANG_WARN_INT_CONVERSION = YES;
				CLANG_WARN_NON_LITERAL_NULL_CONVERSION = YES;
				CLANG_WARN_OBJC_IMPLICIT_RETAIN_SELF = YES;
				CLANG_WARN_OBJC_LITERAL_CONVERSION = YES;
				CLANG_WARN_OBJC_ROOT_CLASS = YES_ERROR;
				CLANG_WARN_QUOTED_INCLUDE_IN_FRAMEWORK_HEADER = YES;
				CLANG_WARN_RANGE_LOOP_ANALYSIS = YES;
				CLANG_WARN_STRICT_PROTOTYPES = YES;
				CLANG_WARN_SUSPICIOUS_MOVE = YES;
				CLANG_WARN_UNGUARDED_AVAILABILITY = YES_AGGRESSIVE;
				CLANG_WARN_UNREACHABLE_CODE = YES;
				CLANG_WARN__DUPLICATE_METHOD_MATCH = YES;
				COPY_PHASE_STRIP = NO;
				DEBUG_INFORMATION_FORMAT = "dwarf-with-dsym";
				ENABLE_NS_ASSERTIONS = NO;
				ENABLE_STRICT_OBJC_MSGSEND = YES;
				ENABLE_USER_SCRIPT_SANDBOXING = YES;
				GCC_C_LANGUAGE_STANDARD = gnu17;
				GCC_NO_COMMON_BLOCKS = YES;
				GCC_WARN_64_TO_32_BIT_CONVERSION = YES;
				GCC_WARN_ABOUT_RETURN_TYPE = YES_ERROR;
				GCC_WARN_UNDECLARED_SELECTOR = YES;
				GCC_WARN_UNINITIALIZED_AUTOS = YES_AGGRESSIVE;
				GCC_WARN_UNUSED_FUNCTION = YES;
				GCC_WARN_UNUSED_VARIABLE = YES;
				IPHONEOS_DEPLOYMENT_TARGET = 18.5;
				LOCALIZATION_PREFERS_STRING_CATALOGS = YES;
				MTL_ENABLE_DEBUG_INFO = NO;
				MTL_FAST_MATH = YES;
				SDKROOT = iphoneos;
				SWIFT_COMPILATION_MODE = wholemodule;
				VALIDATE_PRODUCT = YES;
			};
			name = Release;
		};
/* End XCBuildConfiguration section */

/* Begin XCConfigurationList section */
		507E41682EE15769002B7336 /* Build configuration list for PBXProject "Masar" */ = {
			isa = XCConfigurationList;
			buildConfigurations = (
				507E41832EE1576A002B7336 /* Debug */,
				507E41842EE1576A002B7336 /* Release */,
			);
			defaultConfigurationIsVisible = 0;
			defaultConfigurationName = Release;
		};
		507E41802EE1576A002B7336 /* Build configuration list for PBXNativeTarget "Masar" */ = {
			isa = XCConfigurationList;
			buildConfigurations = (
				507E41812EE1576A002B7336 /* Debug */,
				507E41822EE1576A002B7336 /* Release */,
			);
			defaultConfigurationIsVisible = 0;
			defaultConfigurationName = Release;
		};
/* End XCConfigurationList section */

/* Begin XCRemoteSwiftPackageReference section */
		0C0E58722F02C07C00DD26F4 /* XCRemoteSwiftPackageReference "cloudinary_ios" */ = {
			isa = XCRemoteSwiftPackageReference;
			repositoryURL = "https://github.com/cloudinary/cloudinary_ios.git";
			requirement = {
				kind = upToNextMajorVersion;
				minimumVersion = 5.2.4;
			};
		};
		D3A73EA52EF06C9200DF628A /* XCRemoteSwiftPackageReference "firebase-ios-sdk" */ = {
			isa = XCRemoteSwiftPackageReference;
			repositoryURL = "https://github.com/firebase/firebase-ios-sdk";
			requirement = {
				kind = upToNextMajorVersion;
				minimumVersion = 12.7.0;
			};
		};
/* End XCRemoteSwiftPackageReference section */

/* Begin XCSwiftPackageProductDependency section */
		0C0E58682F02C01B00DD26F4 /* FirebaseAnalytics */ = {
			isa = XCSwiftPackageProductDependency;
			package = D3A73EA52EF06C9200DF628A /* XCRemoteSwiftPackageReference "firebase-ios-sdk" */;
			productName = FirebaseAnalytics;
		};
		0C0E586A2F02C02100DD26F4 /* FirebaseCore */ = {
			isa = XCSwiftPackageProductDependency;
			package = D3A73EA52EF06C9200DF628A /* XCRemoteSwiftPackageReference "firebase-ios-sdk" */;
			productName = FirebaseCore;
		};
		0C0E586C2F02C02700DD26F4 /* FirebaseCrashlytics */ = {
			isa = XCSwiftPackageProductDependency;
			package = D3A73EA52EF06C9200DF628A /* XCRemoteSwiftPackageReference "firebase-ios-sdk" */;
			productName = FirebaseCrashlytics;
		};
		0C0E586E2F02C03000DD26F4 /* FirebaseMessaging */ = {
			isa = XCSwiftPackageProductDependency;
			package = D3A73EA52EF06C9200DF628A /* XCRemoteSwiftPackageReference "firebase-ios-sdk" */;
			productName = FirebaseMessaging;
		};
		0C0E58702F02C03700DD26F4 /* FirebaseAuthCombine-Community */ = {
			isa = XCSwiftPackageProductDependency;
			package = D3A73EA52EF06C9200DF628A /* XCRemoteSwiftPackageReference "firebase-ios-sdk" */;
			productName = "FirebaseAuthCombine-Community";
		};
		0C0E58732F02C07C00DD26F4 /* Cloudinary */ = {
			isa = XCSwiftPackageProductDependency;
			package = 0C0E58722F02C07C00DD26F4 /* XCRemoteSwiftPackageReference "cloudinary_ios" */;
			productName = Cloudinary;
		};
		D3A73EA62EF06C9200DF628A /* FirebaseAuth */ = {
			isa = XCSwiftPackageProductDependency;
			package = D3A73EA52EF06C9200DF628A /* XCRemoteSwiftPackageReference "firebase-ios-sdk" */;
			productName = FirebaseAuth;
		};
		D3A73EA82EF06C9200DF628A /* FirebaseFirestore */ = {
			isa = XCSwiftPackageProductDependency;
			package = D3A73EA52EF06C9200DF628A /* XCRemoteSwiftPackageReference "firebase-ios-sdk" */;
			productName = FirebaseFirestore;
		};
		DE69E8CE2EFD461100F1AF96 /* FirebaseDatabase */ = {
			isa = XCSwiftPackageProductDependency;
			package = D3A73EA52EF06C9200DF628A /* XCRemoteSwiftPackageReference "firebase-ios-sdk" */;
			productName = FirebaseDatabase;
		};
		DECA62AF2EFAAFB40079FDE5 /* FirebaseStorage */ = {
			isa = XCSwiftPackageProductDependency;
			package = D3A73EA52EF06C9200DF628A /* XCRemoteSwiftPackageReference "firebase-ios-sdk" */;
			productName = FirebaseStorage;
		};
/* End XCSwiftPackageProductDependency section */
	};
	rootObject = 507E41652EE15769002B7336 /* Project object */;
}
